
Microsoft Visual Studio Solution File, Format Version 12.00
# Visual Studio 15
VisualStudioVersion = 15.0.28010.2016
MinimumVisualStudioVersion = 10.0.40219.1
Project("{FAE04EC0-301F-11D3-BF4B-00C04F79EFBC}") = "EasyNews.WebUI", "EasyNews.WebUI\EasyNews.WebUI.csproj", "{8F7ACAED-2357-4A41-8D83-7D13993BA7B0}"
EndProject
Project("{FAE04EC0-301F-11D3-BF4B-00C04F79EFBC}") = "EasyNews.WebUI.Tests", "EasyNews.WebUI.Tests\EasyNews.WebUI.Tests.csproj", "{6F59A49D-34CB-4D31-81B6-6872AF4DE0D2}"
EndProject
Global
	GlobalSection(SolutionConfigurationPlatforms) = preSolution
		Debug|Any CPU = Debug|Any CPU
		Release|Any CPU = Release|Any CPU
	EndGlobalSection
	GlobalSection(ProjectConfigurationPlatforms) = postSolution
		{8F7ACAED-2357-4A41-8D83-7D13993BA7B0}.Debug|Any CPU.ActiveCfg = Debug|Any CPU
		{8F7ACAED-2357-4A41-8D83-7D13993BA7B0}.Debug|Any CPU.Build.0 = Debug|Any CPU
		{8F7ACAED-2357-4A41-8D83-7D13993BA7B0}.Release|Any CPU.ActiveCfg = Release|Any CPU
		{8F7ACAED-2357-4A41-8D83-7D13993BA7B0}.Release|Any CPU.Build.0 = Release|Any CPU
		{6F59A49D-34CB-4D31-81B6-6872AF4DE0D2}.Debug|Any CPU.ActiveCfg = Debug|Any CPU
		{6F59A49D-34CB-4D31-81B6-6872AF4DE0D2}.Debug|Any CPU.Build.0 = Debug|Any CPU
		{6F59A49D-34CB-4D31-81B6-6872AF4DE0D2}.Release|Any CPU.ActiveCfg = Release|Any CPU
		{6F59A49D-34CB-4D31-81B6-6872AF4DE0D2}.Release|Any CPU.Build.0 = Release|Any CPU
	EndGlobalSection
	GlobalSection(SolutionProperties) = preSolution
		HideSolutionNode = FALSE
	EndGlobalSection
	GlobalSection(ExtensibilityGlobals) = postSolution
		SolutionGuid = {EAC74FC9-7A75-4D4F-9F0C-61288296A805}
	EndGlobalSection
EndGlobal
